
Microsoft Visual Studio Solution File, Format Version 12.00
# Visual Studio Version 17
VisualStudioVersion = 17.7.34221.43
MinimumVisualStudioVersion = 10.0.40219.1
Project("{FAE04EC0-301F-11D3-BF4B-00C04F79EFBC}") = "zad1.1", "zad1.1\zad1.1.csproj", "{54B93399-52A7-4D63-B8F5-1F909A636088}"
EndProject
Global
	GlobalSection(SolutionConfigurationPlatforms) = preSolution
		Debug|Any CPU = Debug|Any CPU
		Release|Any CPU = Release|Any CPU
	EndGlobalSection
	GlobalSection(ProjectConfigurationPlatforms) = postSolution
		{54B93399-52A7-4D63-B8F5-1F909A636088}.Debug|Any CPU.ActiveCfg = Debug|Any CPU
		{54B93399-52A7-4D63-B8F5-1F909A636088}.Debug|Any CPU.Build.0 = Debug|Any CPU
		{54B93399-52A7-4D63-B8F5-1F909A636088}.Release|Any CPU.ActiveCfg = Release|Any CPU
		{54B93399-52A7-4D63-B8F5-1F909A636088}.Release|Any CPU.Build.0 = Release|Any CPU
	EndGlobalSection
	GlobalSection(SolutionProperties) = preSolution
		HideSolutionNode = FALSE
	EndGlobalSection
	GlobalSection(ExtensibilityGlobals) = postSolution
		SolutionGuid = {AF90404E-865F-4B9E-962D-F5232A478C95}
	EndGlobalSection
EndGlobal
