
Microsoft Visual Studio Solution File, Format Version 12.00
# Visual Studio Version 17
VisualStudioVersion = 17.7.34221.43
MinimumVisualStudioVersion = 10.0.40219.1
Project("{FAE04EC0-301F-11D3-BF4B-00C04F79EFBC}") = "zad 2.4.2", "zad 2.4.2\zad 2.4.2.csproj", "{2A537FB1-808D-463B-B0D9-92F48DBF17DE}"
EndProject
Global
	GlobalSection(SolutionConfigurationPlatforms) = preSolution
		Debug|Any CPU = Debug|Any CPU
		Release|Any CPU = Release|Any CPU
	EndGlobalSection
	GlobalSection(ProjectConfigurationPlatforms) = postSolution
		{2A537FB1-808D-463B-B0D9-92F48DBF17DE}.Debug|Any CPU.ActiveCfg = Debug|Any CPU
		{2A537FB1-808D-463B-B0D9-92F48DBF17DE}.Debug|Any CPU.Build.0 = Debug|Any CPU
		{2A537FB1-808D-463B-B0D9-92F48DBF17DE}.Release|Any CPU.ActiveCfg = Release|Any CPU
		{2A537FB1-808D-463B-B0D9-92F48DBF17DE}.Release|Any CPU.Build.0 = Release|Any CPU
	EndGlobalSection
	GlobalSection(SolutionProperties) = preSolution
		HideSolutionNode = FALSE
	EndGlobalSection
	GlobalSection(ExtensibilityGlobals) = postSolution
		SolutionGuid = {20A7573B-FF35-48E9-9C68-BCDF9EDF2615}
	EndGlobalSection
EndGlobal
