
Microsoft Visual Studio Solution File, Format Version 12.00
# Visual Studio Version 17
VisualStudioVersion = 17.7.34221.43
MinimumVisualStudioVersion = 10.0.40219.1
Project("{FAE04EC0-301F-11D3-BF4B-00C04F79EFBC}") = "zad2.1-3", "zad2.1-3\zad2.1-3.csproj", "{DC14D8DB-4C5C-44CA-9A08-79081CFAC64C}"
EndProject
Global
	GlobalSection(SolutionConfigurationPlatforms) = preSolution
		Debug|Any CPU = Debug|Any CPU
		Release|Any CPU = Release|Any CPU
	EndGlobalSection
	GlobalSection(ProjectConfigurationPlatforms) = postSolution
		{DC14D8DB-4C5C-44CA-9A08-79081CFAC64C}.Debug|Any CPU.ActiveCfg = Debug|Any CPU
		{DC14D8DB-4C5C-44CA-9A08-79081CFAC64C}.Debug|Any CPU.Build.0 = Debug|Any CPU
		{DC14D8DB-4C5C-44CA-9A08-79081CFAC64C}.Release|Any CPU.ActiveCfg = Release|Any CPU
		{DC14D8DB-4C5C-44CA-9A08-79081CFAC64C}.Release|Any CPU.Build.0 = Release|Any CPU
	EndGlobalSection
	GlobalSection(SolutionProperties) = preSolution
		HideSolutionNode = FALSE
	EndGlobalSection
	GlobalSection(ExtensibilityGlobals) = postSolution
		SolutionGuid = {152AA639-8141-4334-B410-B6B5ECA07C9C}
	EndGlobalSection
EndGlobal
